Microsoft Visual Studio Solution File, Format Version 12.00
# Visual Studio Version 17
VisualStudioVersion = 17.5.2.0
MinimumVisualStudioVersion = 10.0.40219.1
Project("{FAE04EC0-301F-11D3-BF4B-00C04F79EFBC}") = "tourneyAPI", "tourneyAPI\tourneyAPI.csproj", "{8D0004D6-BFC6-FFB0-FF22-2A90997730BA}"
EndProject
Project("{FAE04EC0-301F-11D3-BF4B-00C04F79EFBC}") = "ApiTests", "ApiTests\ApiTests.csproj", "{BA675ACA-4C76-4B94-80E6-C83000BB1A92}"
EndProject
Global
	GlobalSection(SolutionConfigurationPlatforms) = preSolution
		Debug|Any CPU = Debug|Any CPU
		Release|Any CPU = Release|Any CPU
	EndGlobalSection
	GlobalSection(ProjectConfigurationPlatforms) = postSolution
		{8D0004D6-BFC6-FFB0-FF22-2A90997730BA}.Debug|Any CPU.ActiveCfg = Debug|Any CPU
		{8D0004D6-BFC6-FFB0-FF22-2A90997730BA}.Debug|Any CPU.Build.0 = Debug|Any CPU
		{8D0004D6-BFC6-FFB0-FF22-2A90997730BA}.Release|Any CPU.ActiveCfg = Release|Any CPU
		{8D0004D6-BFC6-FFB0-FF22-2A90997730BA}.Release|Any CPU.Build.0 = Release|Any CPU
		{BA675ACA-4C76-4B94-80E6-C83000BB1A92}.Debug|Any CPU.ActiveCfg = Debug|Any CPU
		{BA675ACA-4C76-4B94-80E6-C83000BB1A92}.Debug|Any CPU.Build.0 = Debug|Any CPU
		{BA675ACA-4C76-4B94-80E6-C83000BB1A92}.Release|Any CPU.ActiveCfg = Release|Any CPU
		{BA675ACA-4C76-4B94-80E6-C83000BB1A92}.Release|Any CPU.Build.0 = Release|Any CPU
	EndGlobalSection
	GlobalSection(SolutionProperties) = preSolution
		HideSolutionNode = FALSE
	EndGlobalSection
	GlobalSection(ExtensibilityGlobals) = postSolution
		SolutionGuid = {CEA91C18-BFC5-4D6B-95AE-35171EF5B527}
	EndGlobalSection
EndGlobal
